
Microsoft Visual Studio Solution File, Format Version 12.00
# Visual Studio 15
VisualStudioVersion = 15.0.26403.3
MinimumVisualStudioVersion = 10.0.40219.1
Project("{FAE04EC0-301F-11D3-BF4B-00C04F79EFBC}") = "Encapsulation-Lab", "Encapsulation-Lab\Encapsulation-Lab.csproj", "{F4374A8F-7B8B-42FD-A384-A4E4923200C9}"
EndProject
Global
	GlobalSection(SolutionConfigurationPlatforms) = preSolution
		Debug|Any CPU = Debug|Any CPU
		Release|Any CPU = Release|Any CPU
	EndGlobalSection
	GlobalSection(ProjectConfigurationPlatforms) = postSolution
		{F4374A8F-7B8B-42FD-A384-A4E4923200C9}.Debug|Any CPU.ActiveCfg = Debug|Any CPU
		{F4374A8F-7B8B-42FD-A384-A4E4923200C9}.Debug|Any CPU.Build.0 = Debug|Any CPU
		{F4374A8F-7B8B-42FD-A384-A4E4923200C9}.Release|Any CPU.ActiveCfg = Release|Any CPU
		{F4374A8F-7B8B-42FD-A384-A4E4923200C9}.Release|Any CPU.Build.0 = Release|Any CPU
	EndGlobalSection
	GlobalSection(SolutionProperties) = preSolution
		HideSolutionNode = FALSE
	EndGlobalSection
EndGlobal
